
Microsoft Visual Studio Solution File, Format Version 11.00
# Visual Studio 2010
Project("{8BC9CEB8-8B4A-11D0-8D11-00A0C91BC942}") = "Myazo", "Myazo\Myazo.vcxproj", "{CEDF4E2D-F8F3-4999-8209-356C6DD75D9E}"
EndProject
Global
	GlobalSection(SolutionConfigurationPlatforms) = preSolution
		Debug|Win32 = Debug|Win32
		Release|Win32 = Release|Win32
	EndGlobalSection
	GlobalSection(ProjectConfigurationPlatforms) = postSolution
		{CEDF4E2D-F8F3-4999-8209-356C6DD75D9E}.Debug|Win32.ActiveCfg = Debug|Win32
		{CEDF4E2D-F8F3-4999-8209-356C6DD75D9E}.Debug|Win32.Build.0 = Debug|Win32
		{CEDF4E2D-F8F3-4999-8209-356C6DD75D9E}.Release|Win32.ActiveCfg = Release|Win32
		{CEDF4E2D-F8F3-4999-8209-356C6DD75D9E}.Release|Win32.Build.0 = Release|Win32
	EndGlobalSection
	GlobalSection(SolutionProperties) = preSolution
		HideSolutionNode = FALSE
	EndGlobalSection
EndGlobal
